
Microsoft Visual Studio Solution File, Format Version 12.00
# Visual Studio 15
VisualStudioVersion = 15.0.27004.2002
MinimumVisualStudioVersion = 10.0.40219.1
Project("{FAE04EC0-301F-11D3-BF4B-00C04F79EFBC}") = "HtmlDatabase", "HtmlDatabase\HtmlDatabase.csproj", "{4C915F4F-3469-4B8C-A615-6CA0C026F6E4}"
EndProject
Project("{FAE04EC0-301F-11D3-BF4B-00C04F79EFBC}") = "TestOnIt", "TestOnIt\TestOnIt.csproj", "{0173075F-3186-46F9-A595-BC24007BDF20}"
EndProject
Global
	GlobalSection(SolutionConfigurationPlatforms) = preSolution
		Debug|Any CPU = Debug|Any CPU
		Release|Any CPU = Release|Any CPU
	EndGlobalSection
	GlobalSection(ProjectConfigurationPlatforms) = postSolution
		{4C915F4F-3469-4B8C-A615-6CA0C026F6E4}.Debug|Any CPU.ActiveCfg = Debug|Any CPU
		{4C915F4F-3469-4B8C-A615-6CA0C026F6E4}.Debug|Any CPU.Build.0 = Debug|Any CPU
		{4C915F4F-3469-4B8C-A615-6CA0C026F6E4}.Release|Any CPU.ActiveCfg = Release|Any CPU
		{4C915F4F-3469-4B8C-A615-6CA0C026F6E4}.Release|Any CPU.Build.0 = Release|Any CPU
		{0173075F-3186-46F9-A595-BC24007BDF20}.Debug|Any CPU.ActiveCfg = Debug|Any CPU
		{0173075F-3186-46F9-A595-BC24007BDF20}.Debug|Any CPU.Build.0 = Debug|Any CPU
		{0173075F-3186-46F9-A595-BC24007BDF20}.Release|Any CPU.ActiveCfg = Release|Any CPU
		{0173075F-3186-46F9-A595-BC24007BDF20}.Release|Any CPU.Build.0 = Release|Any CPU
	EndGlobalSection
	GlobalSection(SolutionProperties) = preSolution
		HideSolutionNode = FALSE
	EndGlobalSection
	GlobalSection(ExtensibilityGlobals) = postSolution
		SolutionGuid = {9080163B-72C4-4CEC-B307-DDCFB15FE3BD}
	EndGlobalSection
EndGlobal
